
Microsoft Visual Studio Solution File, Format Version 12.00
# Visual Studio Version 17
VisualStudioVersion = 17.2.32505.173
MinimumVisualStudioVersion = 10.0.40219.1
Project("{9A19103F-16F7-4668-BE54-9A1E7A4F7556}") = "entityframeworkcore6_mysql", "entityframeworkcore6_mysql\entityframeworkcore6_mysql.csproj", "{36F632C9-FF59-4A0A-BFA0-46788F50F771}"
EndProject
Project("{FAE04EC0-301F-11D3-BF4B-00C04F79EFBC}") = "DataAccess", "DataAccess\DataAccess.csproj", "{CB146164-D01E-4E69-B3C9-5F0D678C3BDC}"
EndProject
Project("{FAE04EC0-301F-11D3-BF4B-00C04F79EFBC}") = "Models", "Models\Models.csproj", "{17BC79AD-8441-4E2C-BF59-5DD5BAEF9FDF}"
EndProject
Global
	GlobalSection(SolutionConfigurationPlatforms) = preSolution
		Debug|Any CPU = Debug|Any CPU
		Release|Any CPU = Release|Any CPU
	EndGlobalSection
	GlobalSection(ProjectConfigurationPlatforms) = postSolution
		{36F632C9-FF59-4A0A-BFA0-46788F50F771}.Debug|Any CPU.ActiveCfg = Debug|Any CPU
		{36F632C9-FF59-4A0A-BFA0-46788F50F771}.Debug|Any CPU.Build.0 = Debug|Any CPU
		{36F632C9-FF59-4A0A-BFA0-46788F50F771}.Release|Any CPU.ActiveCfg = Release|Any CPU
		{36F632C9-FF59-4A0A-BFA0-46788F50F771}.Release|Any CPU.Build.0 = Release|Any CPU
		{CB146164-D01E-4E69-B3C9-5F0D678C3BDC}.Debug|Any CPU.ActiveCfg = Debug|Any CPU
		{CB146164-D01E-4E69-B3C9-5F0D678C3BDC}.Debug|Any CPU.Build.0 = Debug|Any CPU
		{CB146164-D01E-4E69-B3C9-5F0D678C3BDC}.Release|Any CPU.ActiveCfg = Release|Any CPU
		{CB146164-D01E-4E69-B3C9-5F0D678C3BDC}.Release|Any CPU.Build.0 = Release|Any CPU
		{17BC79AD-8441-4E2C-BF59-5DD5BAEF9FDF}.Debug|Any CPU.ActiveCfg = Debug|Any CPU
		{17BC79AD-8441-4E2C-BF59-5DD5BAEF9FDF}.Debug|Any CPU.Build.0 = Debug|Any CPU
		{17BC79AD-8441-4E2C-BF59-5DD5BAEF9FDF}.Release|Any CPU.ActiveCfg = Release|Any CPU
		{17BC79AD-8441-4E2C-BF59-5DD5BAEF9FDF}.Release|Any CPU.Build.0 = Release|Any CPU
	EndGlobalSection
	GlobalSection(SolutionProperties) = preSolution
		HideSolutionNode = FALSE
	EndGlobalSection
	GlobalSection(ExtensibilityGlobals) = postSolution
		SolutionGuid = {F5736265-141D-43E4-9509-9C6BDA509395}
	EndGlobalSection
EndGlobal
